// !$*UTF8*$!
{
	archiveVersion = 1;
	classes = {
	};
	objectVersion = 46;
	objects = {

/* Begin PBXBuildFile section */
		6AC7B6AF1DE2855A009A2E01 /* AppDelegate.swift in Sources */ = {isa = PBXBuildFile; fileRef = 6AC7B6AE1DE2855A009A2E01 /* AppDelegate.swift */; };
		6AC7B6B11DE2855A009A2E01 /* ViewController.swift in Sources */ = {isa = PBXBuildFile; fileRef = 6AC7B6B01DE2855A009A2E01 /* ViewController.swift */; };
		6AC7B6B41DE2855A009A2E01 /* Main.storyboard in Resources */ = {isa = PBXBuildFile; fileRef = 6AC7B6B21DE2855A009A2E01 /* Main.storyboard */; };
		6AC7B6B61DE2855A009A2E01 /* Assets.xcassets in Resources */ = {isa = PBXBuildFile; fileRef = 6AC7B6B51DE2855A009A2E01 /* Assets.xcassets */; };
		6AC7B6B91DE2855A009A2E01 /* LaunchScreen.storyboard in Resources */ = {isa = PBXBuildFile; fileRef = 6AC7B6B71DE2855A009A2E01 /* LaunchScreen.storyboard */; };
		6AC7B6C21DE286A9009A2E01 /* ISImagePickerController.swift in Sources */ = {isa = PBXBuildFile; fileRef = 6AC7B6C11DE286A9009A2E01 /* ISImagePickerController.swift */; };
		6AC7B6C41DE28823009A2E01 /* ISPhotoPickerController.swift in Sources */ = {isa = PBXBuildFile; fileRef = 6AC7B6C31DE28823009A2E01 /* ISPhotoPickerController.swift */; };
		6AC7B6C61DE29227009A2E01 /* ISAlbumPickerController.swift in Sources */ = {isa = PBXBuildFile; fileRef = 6AC7B6C51DE29227009A2E01 /* ISAlbumPickerController.swift */; };
		6AC7B6C81DE294E0009A2E01 /* ISAssetManager.swift in Sources */ = {isa = PBXBuildFile; fileRef = 6AC7B6C71DE294E0009A2E01 /* ISAssetManager.swift */; };
		6AC7B6CB1DE2976D009A2E01 /* Photos.framework in Frameworks */ = {isa = PBXBuildFile; fileRef = 6AC7B6CA1DE2976D009A2E01 /* Photos.framework */; };
		6AC7B6CD1DE2F37F009A2E01 /* ISAssetCell.swift in Sources */ = {isa = PBXBuildFile; fileRef = 6AC7B6CC1DE2F37F009A2E01 /* ISAssetCell.swift */; };
		6AC7B6D11DE3182E009A2E01 /* ISImagePicker.bundle in Resources */ = {isa = PBXBuildFile; fileRef = 6AC7B6D01DE3182E009A2E01 /* ISImagePicker.bundle */; };
		6AC7B6D31DE43869009A2E01 /* ISImagePreviewController.swift in Sources */ = {isa = PBXBuildFile; fileRef = 6AC7B6D21DE43869009A2E01 /* ISImagePreviewController.swift */; };
/* End PBXBuildFile section */

/* Begin PBXFileReference section */
		6AC7B6AB1DE28559009A2E01 /* ISImagePicker.app */ = {isa = PBXFileReference; explicitFileType = wrapper.application; includeInIndex = 0; path = ISImagePicker.app; sourceTree = BUILT_PRODUCTS_DIR; };
		6AC7B6AE1DE2855A009A2E01 /* AppDelegate.swift */ = {isa = PBXFileReference; lastKnownFileType = sourcecode.swift; path = AppDelegate.swift; sourceTree = "<group>"; };
		6AC7B6B01DE2855A009A2E01 /* ViewController.swift */ = {isa = PBXFileReference; lastKnownFileType = sourcecode.swift; path = ViewController.swift; sourceTree = "<group>"; };
		6AC7B6B31DE2855A009A2E01 /* Base */ = {isa = PBXFileReference; lastKnownFileType = file.storyboard; name = Base; path = Base.lproj/Main.storyboard; sourceTree = "<group>"; };
		6AC7B6B51DE2855A009A2E01 /* Assets.xcassets */ = {isa = PBXFileReference; lastKnownFileType = folder.assetcatalog; path = Assets.xcassets; sourceTree = "<group>"; };
		6AC7B6B81DE2855A009A2E01 /* Base */ = {isa = PBXFileReference; lastKnownFileType = file.storyboard; name = Base; path = Base.lproj/LaunchScreen.storyboard; sourceTree = "<group>"; };
		6AC7B6BA1DE2855A009A2E01 /* Info.plist */ = {isa = PBXFileReference; lastKnownFileType = text.plist.xml; path = Info.plist; sourceTree = "<group>"; };
		6AC7B6C11DE286A9009A2E01 /* ISImagePickerController.swift */ = {isa = PBXFileReference; fileEncoding = 4; lastKnownFileType = sourcecode.swift; path = ISImagePickerController.swift; sourceTree = "<group>"; };
		6AC7B6C31DE28823009A2E01 /* ISPhotoPickerController.swift */ = {isa = PBXFileReference; fileEncoding = 4; lastKnownFileType = sourcecode.swift; path = ISPhotoPickerController.swift; sourceTree = "<group>"; };
		6AC7B6C51DE29227009A2E01 /* ISAlbumPickerController.swift */ = {isa = PBXFileReference; fileEncoding = 4; lastKnownFileType = sourcecode.swift; path = ISAlbumPickerController.swift; sourceTree = "<group>"; };
		6AC7B6C71DE294E0009A2E01 /* ISAssetManager.swift */ = {isa = PBXFileReference; fileEncoding = 4; lastKnownFileType = sourcecode.swift; path = ISAssetManager.swift; sourceTree = "<group>"; };
		6AC7B6CA1DE2976D009A2E01 /* Photos.framework */ = {isa = PBXFileReference; lastKnownFileType = wrapper.framework; name = Photos.framework; path = System/Library/Frameworks/Photos.framework; sourceTree = SDKROOT; };
		6AC7B6CC1DE2F37F009A2E01 /* ISAssetCell.swift */ = {isa = PBXFileReference; fileEncoding = 4; lastKnownFileType = sourcecode.swift; path = ISAssetCell.swift; sourceTree = "<group>"; };
		6AC7B6D01DE3182E009A2E01 /* ISImagePicker.bundle */ = {isa = PBXFileReference; lastKnownFileType = "wrapper.plug-in"; path = ISImagePicker.bundle; sourceTree = "<group>"; };
		6AC7B6D21DE43869009A2E01 /* ISImagePreviewController.swift */ = {isa = PBXFileReference; fileEncoding = 4; lastKnownFileType = sourcecode.swift; path = ISImagePreviewController.swift; sourceTree = "<group>"; };
/* End PBXFileReference section */

/* Begin PBXFrameworksBuildPhase section */
		6AC7B6A81DE28559009A2E01 /* Frameworks */ = {
			isa = PBXFrameworksBuildPhase;
			buildActionMask = 2147483647;
			files = (
				6AC7B6CB1DE2976D009A2E01 /* Photos.framework in Frameworks */,
			);
			runOnlyForDeploymentPostprocessing = 0;
		};
/* End PBXFrameworksBuildPhase section */

/* Begin PBXGroup section */
		6AC7B6A21DE28559009A2E01 = {
			isa = PBXGroup;
			children = (
				6AC7B6AD1DE28559009A2E01 /* ISImagePicker */,
				6AC7B6AC1DE28559009A2E01 /* Products */,
				6AC7B6C91DE2976D009A2E01 /* Frameworks */,
			);
			sourceTree = "<group>";
		};
		6AC7B6AC1DE28559009A2E01 /* Products */ = {
			isa = PBXGroup;
			children = (
				6AC7B6AB1DE28559009A2E01 /* ISImagePicker.app */,
			);
			name = Products;
			sourceTree = "<group>";
		};
		6AC7B6AD1DE28559009A2E01 /* ISImagePicker */ = {
			isa = PBXGroup;
			children = (
				6AC7B6C01DE28584009A2E01 /* ISImagePicker */,
				6AC7B6AE1DE2855A009A2E01 /* AppDelegate.swift */,
				6AC7B6B01DE2855A009A2E01 /* ViewController.swift */,
				6AC7B6B21DE2855A009A2E01 /* Main.storyboard */,
				6AC7B6B51DE2855A009A2E01 /* Assets.xcassets */,
				6AC7B6B71DE2855A009A2E01 /* LaunchScreen.storyboard */,
				6AC7B6BA1DE2855A009A2E01 /* Info.plist */,
			);
			path = ISImagePicker;
			sourceTree = "<group>";
		};
		6AC7B6C01DE28584009A2E01 /* ISImagePicker */ = {
			isa = PBXGroup;
			children = (
				6AC7B6D01DE3182E009A2E01 /* ISImagePicker.bundle */,
				6AC7B6C11DE286A9009A2E01 /* ISImagePickerController.swift */,
				6AC7B6C31DE28823009A2E01 /* ISPhotoPickerController.swift */,
				6AC7B6C51DE29227009A2E01 /* ISAlbumPickerController.swift */,
				6AC7B6C71DE294E0009A2E01 /* ISAssetManager.swift */,
				6AC7B6CC1DE2F37F009A2E01 /* ISAssetCell.swift */,
				6AC7B6D21DE43869009A2E01 /* ISImagePreviewController.swift */,
			);
			path = ISImagePicker;
			sourceTree = "<group>";
		};
		6AC7B6C91DE2976D009A2E01 /* Frameworks */ = {
			isa = PBXGroup;
			children = (
				6AC7B6CA1DE2976D009A2E01 /* Photos.framework */,
			);
			name = Frameworks;
			sourceTree = "<group>";
		};
/* End PBXGroup section */

/* Begin PBXNativeTarget section */
		6AC7B6AA1DE28559009A2E01 /* ISImagePicker */ = {
			isa = PBXNativeTarget;
			buildConfigurationList = 6AC7B6BD1DE2855A009A2E01 /* Build configuration list for PBXNativeTarget "ISImagePicker" */;
			buildPhases = (
				6AC7B6A71DE28559009A2E01 /* Sources */,
				6AC7B6A81DE28559009A2E01 /* Frameworks */,
				6AC7B6A91DE28559009A2E01 /* Resources */,
			);
			buildRules = (
			);
			dependencies = (
			);
			name = ISImagePicker;
			productName = ISImagePicker;
			productReference = 6AC7B6AB1DE28559009A2E01 /* ISImagePicker.app */;
			productType = "com.apple.product-type.application";
		};
/* End PBXNativeTarget section */

/* Begin PBXProject section */
		6AC7B6A31DE28559009A2E01 /* Project object */ = {
			isa = PBXProject;
			attributes = {
				LastSwiftUpdateCheck = 0810;
				LastUpgradeCheck = 0810;
				ORGANIZATIONNAME = invictus;
				TargetAttributes = {
					6AC7B6AA1DE28559009A2E01 = {
						CreatedOnToolsVersion = 8.1;
						DevelopmentTeam = 87AQFDFMKM;
						ProvisioningStyle = Automatic;
					};
				};
			};
			buildConfigurationList = 6AC7B6A61DE28559009A2E01 /* Build configuration list for PBXProject "ISImagePicker" */;
			compatibilityVersion = "Xcode 3.2";
			developmentRegion = English;
			hasScannedForEncodings = 0;
			knownRegions = (
				en,
				Base,
			);
			mainGroup = 6AC7B6A21DE28559009A2E01;
			productRefGroup = 6AC7B6AC1DE28559009A2E01 /* Products */;
			projectDirPath = "";
			projectRoot = "";
			targets = (
				6AC7B6AA1DE28559009A2E01 /* ISImagePicker */,
			);
		};
/* End PBXProject section */

/* Begin PBXResourcesBuildPhase section */
		6AC7B6A91DE28559009A2E01 /* Resources */ = {
			isa = PBXResourcesBuildPhase;
			buildActionMask = 2147483647;
			files = (
				6AC7B6B91DE2855A009A2E01 /* LaunchScreen.storyboard in Resources */,
				6AC7B6D11DE3182E009A2E01 /* ISImagePicker.bundle in Resources */,
				6AC7B6B61DE2855A009A2E01 /* Assets.xcassets in Resources */,
				6AC7B6B41DE2855A009A2E01 /* Main.storyboard in Resources */,
			);
			runOnlyForDeploymentPostprocessing = 0;
		};
/* End PBXResourcesBuildPhase section */

/* Begin PBXSourcesBuildPhase section */
		6AC7B6A71DE28559009A2E01 /* Sources */ = {
			isa = PBXSourcesBuildPhase;
			buildActionMask = 2147483647;
			files = (
				6AC7B6C41DE28823009A2E01 /* ISPhotoPickerController.swift in Sources */,
				6AC7B6D31DE43869009A2E01 /* ISImagePreviewController.swift in Sources */,
				6AC7B6C61DE29227009A2E01 /* ISAlbumPickerController.swift in Sources */,
				6AC7B6C21DE286A9009A2E01 /* ISImagePickerController.swift in Sources */,
				6AC7B6C81DE294E0009A2E01 /* ISAssetManager.swift in Sources */,
				6AC7B6CD1DE2F37F009A2E01 /* ISAssetCell.swift in Sources */,
				6AC7B6B11DE2855A009A2E01 /* ViewController.swift in Sources */,
				6AC7B6AF1DE2855A009A2E01 /* AppDelegate.swift in Sources */,
			);
			runOnlyForDeploymentPostprocessing = 0;
		};
/* End PBXSourcesBuildPhase section */

/* Begin PBXVariantGroup section */
		6AC7B6B21DE2855A009A2E01 /* Main.storyboard */ = {
			isa = PBXVariantGroup;
			children = (
				6AC7B6B31DE2855A009A2E01 /* Base */,
			);
			name = Main.storyboard;
			sourceTree = "<group>";
		};
		6AC7B6B71DE2855A009A2E01 /* LaunchScreen.storyboard */ = {
			isa = PBXVariantGroup;
			children = (
				6AC7B6B81DE2855A009A2E01 /* Base */,
			);
			name = LaunchScreen.storyboard;
			sourceTree = "<group>";
		};
/* End PBXVariantGroup section */

/* Begin XCBuildConfiguration section */
		6AC7B6BB1DE2855A009A2E01 /* Debug */ = {
			isa = XCBuildConfiguration;
			buildSettings = {
				ALWAYS_SEARCH_USER_PATHS = NO;
				CLANG_ANALYZER_NONNULL = YES;
				CLANG_CXX_LANGUAGE_STANDARD = "gnu++0x";
				CLANG_CXX_LIBRARY = "libc++";
				CLANG_ENABLE_MODULES = YES;
				CLANG_ENABLE_OBJC_ARC = YES;
				CLANG_WARN_BOOL_CONVERSION = YES;
				CLANG_WARN_CONSTANT_CONVERSION = YES;
				CLANG_WARN_DIRECT_OBJC_ISA_USAGE = YES_ERROR;
				CLANG_WARN_DOCUMENTATION_COMMENTS = YES;
				CLANG_WARN_EMPTY_BODY = YES;
				CLANG_WARN_ENUM_CONVERSION = YES;
				CLANG_WARN_INFINITE_RECURSION = YES;
				CLANG_WARN_INT_CONVERSION = YES;
				CLANG_WARN_OBJC_ROOT_CLASS = YES_ERROR;
				CLANG_WARN_SUSPICIOUS_MOVES = YES;
				CLANG_WARN_UNREACHABLE_CODE = YES;
				CLANG_WARN__DUPLICATE_METHOD_MATCH = YES;
				"CODE_SIGN_IDENTITY[sdk=iphoneos*]" = "iPhone Developer";
				COPY_PHASE_STRIP = NO;
				DEBUG_INFORMATION_FORMAT = dwarf;
				ENABLE_STRICT_OBJC_MSGSEND = YES;
				ENABLE_TESTABILITY = YES;
				GCC_C_LANGUAGE_STANDARD = gnu99;
				GCC_DYNAMIC_NO_PIC = NO;
				GCC_NO_COMMON_BLOCKS = YES;
				GCC_OPTIMIZATION_LEVEL = 0;
				GCC_PREPROCESSOR_DEFINITIONS = (
					"DEBUG=1",
					"$(inherited)",
				);
				GCC_WARN_64_TO_32_BIT_CONVERSION = YES;
				GCC_WARN_ABOUT_RETURN_TYPE = YES_ERROR;
				GCC_WARN_UNDECLARED_SELECTOR = YES;
				GCC_WARN_UNINITIALIZED_AUTOS = YES_AGGRESSIVE;
				GCC_WARN_UNUSED_FUNCTION = YES;
				GCC_WARN_UNUSED_VARIABLE = YES;
				IPHONEOS_DEPLOYMENT_TARGET = 10.1;
				MTL_ENABLE_DEBUG_INFO = YES;
				ONLY_ACTIVE_ARCH = YES;
				SDKROOT = iphoneos;
				SWIFT_ACTIVE_COMPILATION_CONDITIONS = DEBUG;
				SWIFT_OPTIMIZATION_LEVEL = "-Onone";
			};
			name = Debug;
		};
		6AC7B6BC1DE2855A009A2E01 /* Release */ = {
			isa = XCBuildConfiguration;
			buildSettings = {
				ALWAYS_SEARCH_USER_PATHS = NO;
				CLANG_ANALYZER_NONNULL = YES;
				CLANG_CXX_LANGUAGE_STANDARD = "gnu++0x";
				CLANG_CXX_LIBRARY = "libc++";
				CLANG_ENABLE_MODULES = YES;
				CLANG_ENABLE_OBJC_ARC = YES;
				CLANG_WARN_BOOL_CONVERSION = YES;
				CLANG_WARN_CONSTANT_CONVERSION = YES;
				CLANG_WARN_DIRECT_OBJC_ISA_USAGE = YES_ERROR;
				CLANG_WARN_DOCUMENTATION_COMMENTS = YES;
				CLANG_WARN_EMPTY_BODY = YES;
				CLANG_WARN_ENUM_CONVERSION = YES;
				CLANG_WARN_INFINITE_RECURSION = YES;
				CLANG_WARN_INT_CONVERSION = YES;
				CLANG_WARN_OBJC_ROOT_CLASS = YES_ERROR;
				CLANG_WARN_SUSPICIOUS_MOVES = YES;
				CLANG_WARN_UNREACHABLE_CODE = YES;
				CLANG_WARN__DUPLICATE_METHOD_MATCH = YES;
				"CODE_SIGN_IDENTITY[sdk=iphoneos*]" = "iPhone Developer";
				COPY_PHASE_STRIP = NO;
				DEBUG_INFORMATION_FORMAT = "dwarf-with-dsym";
				ENABLE_NS_ASSERTIONS = NO;
				ENABLE_STRICT_OBJC_MSGSEND = YES;
				GCC_C_LANGUAGE_STANDARD = gnu99;
				GCC_NO_COMMON_BLOCKS = YES;
				GCC_WARN_64_TO_32_BIT_CONVERSION = YES;
				GCC_WARN_ABOUT_RETURN_TYPE = YES_ERROR;
				GCC_WARN_UNDECLARED_SELECTOR = YES;
				GCC_WARN_UNINITIALIZED_AUTOS = YES_AGGRESSIVE;
				GCC_WARN_UNUSED_FUNCTION = YES;
				GCC_WARN_UNUSED_VARIABLE = YES;
				IPHONEOS_DEPLOYMENT_TARGET = 10.1;
				MTL_ENABLE_DEBUG_INFO = NO;
				SDKROOT = iphoneos;
				SWIFT_OPTIMIZATION_LEVEL = "-Owholemodule";
				VALIDATE_PRODUCT = YES;
			};
			name = Release;
		};
		6AC7B6BE1DE2855A009A2E01 /* Debug */ = {
			isa = XCBuildConfiguration;
			buildSettings = {
				ASSETCATALOG_COMPILER_APPICON_NAME = AppIcon;
				DEVELOPMENT_TEAM = 87AQFDFMKM;
				INFOPLIST_FILE = ISImagePicker/Info.plist;
				LD_RUNPATH_SEARCH_PATHS = "$(inherited) @executable_path/Frameworks";
				PRODUCT_BUNDLE_IDENTIFIER = invictus.ISImagePicker;
				PRODUCT_NAME = "$(TARGET_NAME)";
				SWIFT_VERSION = 3.0;
			};
			name = Debug;
		};
		6AC7B6BF1DE2855A009A2E01 /* Release */ = {
			isa = XCBuildConfiguration;
			buildSettings = {
				ASSETCATALOG_COMPILER_APPICON_NAME = AppIcon;
				DEVELOPMENT_TEAM = 87AQFDFMKM;
				INFOPLIST_FILE = ISImagePicker/Info.plist;
				LD_RUNPATH_SEARCH_PATHS = "$(inherited) @executable_path/Frameworks";
				PRODUCT_BUNDLE_IDENTIFIER = invictus.ISImagePicker;
				PRODUCT_NAME = "$(TARGET_NAME)";
				SWIFT_VERSION = 3.0;
			};
			name = Release;
		};
/* End XCBuildConfiguration section */

/* Begin XCConfigurationList section */
		6AC7B6A61DE28559009A2E01 /* Build configuration list for PBXProject "ISImagePicker" */ = {
			isa = XCConfigurationList;
			buildConfigurations = (
				6AC7B6BB1DE2855A009A2E01 /* Debug */,
				6AC7B6BC1DE2855A009A2E01 /* Release */,
			);
			defaultConfigurationIsVisible = 0;
			defaultConfigurationName = Release;
		};
		6AC7B6BD1DE2855A009A2E01 /* Build configuration list for PBXNativeTarget "ISImagePicker" */ = {
			isa = XCConfigurationList;
			buildConfigurations = (
				6AC7B6BE1DE2855A009A2E01 /* Debug */,
				6AC7B6BF1DE2855A009A2E01 /* Release */,
			);
			defaultConfigurationIsVisible = 0;
		};
/* End XCConfigurationList section */
	};
	rootObject = 6AC7B6A31DE28559009A2E01 /* Project object */;
}
